
Microsoft Visual Studio Solution File, Format Version 12.00
# Visual Studio 15
VisualStudioVersion = 15.0.28010.2050
MinimumVisualStudioVersion = 10.0.40219.1
Project("{FAE04EC0-301F-11D3-BF4B-00C04F79EFBC}") = "MVVM", "MVVM\MVVM.csproj", "{D3D74A7A-23A9-47F3-B2D2-E25ED3E25FDA}"
EndProject
Global
	GlobalSection(SolutionConfigurationPlatforms) = preSolution
		Debug|Any CPU = Debug|Any CPU
		Release|Any CPU = Release|Any CPU
	EndGlobalSection
	GlobalSection(ProjectConfigurationPlatforms) = postSolution
		{D3D74A7A-23A9-47F3-B2D2-E25ED3E25FDA}.Debug|Any CPU.ActiveCfg = Debug|Any CPU
		{D3D74A7A-23A9-47F3-B2D2-E25ED3E25FDA}.Debug|Any CPU.Build.0 = Debug|Any CPU
		{D3D74A7A-23A9-47F3-B2D2-E25ED3E25FDA}.Release|Any CPU.ActiveCfg = Release|Any CPU
		{D3D74A7A-23A9-47F3-B2D2-E25ED3E25FDA}.Release|Any CPU.Build.0 = Release|Any CPU
	EndGlobalSection
	GlobalSection(SolutionProperties) = preSolution
		HideSolutionNode = FALSE
	EndGlobalSection
	GlobalSection(ExtensibilityGlobals) = postSolution
		SolutionGuid = {3DC0503A-0FD9-4C39-BA3C-9516BDF925F7}
	EndGlobalSection
EndGlobal
